
Microsoft Visual Studio Solution File, Format Version 12.00
# Visual Studio Version 17
VisualStudioVersion = 17.9.34622.214
MinimumVisualStudioVersion = 10.0.40219.1
Project("{FAE04EC0-301F-11D3-BF4B-00C04F79EFBC}") = "OnTapDe01", "OnTapDe01\OnTapDe01.csproj", "{945E6835-370E-44D1-87A1-4D3EEEA5A441}"
EndProject
Global
	GlobalSection(SolutionConfigurationPlatforms) = preSolution
		Debug|Any CPU = Debug|Any CPU
		Release|Any CPU = Release|Any CPU
	EndGlobalSection
	GlobalSection(ProjectConfigurationPlatforms) = postSolution
		{945E6835-370E-44D1-87A1-4D3EEEA5A441}.Debug|Any CPU.ActiveCfg = Debug|Any CPU
		{945E6835-370E-44D1-87A1-4D3EEEA5A441}.Debug|Any CPU.Build.0 = Debug|Any CPU
		{945E6835-370E-44D1-87A1-4D3EEEA5A441}.Release|Any CPU.ActiveCfg = Release|Any CPU
		{945E6835-370E-44D1-87A1-4D3EEEA5A441}.Release|Any CPU.Build.0 = Release|Any CPU
	EndGlobalSection
	GlobalSection(SolutionProperties) = preSolution
		HideSolutionNode = FALSE
	EndGlobalSection
	GlobalSection(ExtensibilityGlobals) = postSolution
		SolutionGuid = {C6649FB3-7046-4724-BEDA-1D212B46C573}
	EndGlobalSection
EndGlobal
